{
  "name": "Akasha-Docs",
  "lockfileVersion": 3,
  "requires": true,
  "packages": {
    "": {
      "dependencies": {
        "twikoo": "^1.6.36"
      }
    },
    "node_modules/twikoo": {
      "version": "1.6.36",
      "resolved": "https://registry.npmjs.org/twikoo/-/twikoo-1.6.36.tgz",
      "integrity": "sha512-Xafec9hq3jEiadZ2AOjOnC2TKbw/7hGjko2pWwt6pjarMNQZ0Ly2Qzm8tJnM9lnzJ8UG5cdDUIjU35Ym+8Em7g=="
    }
  }
}
